
Microsoft Visual Studio Solution File, Format Version 12.00
# Visual Studio 15
VisualStudioVersion = 15.0.28307.902
MinimumVisualStudioVersion = 10.0.40219.1
Project("{FAE04EC0-301F-11D3-BF4B-00C04F79EFBC}") = "ConfigEditor", "ConfigEditor\ConfigEditor.csproj", "{FFDCC7F4-8999-44AB-AA5F-48CBD412CAFC}"
EndProject
Global
	GlobalSection(SolutionConfigurationPlatforms) = preSolution
		Debug|Any CPU = Debug|Any CPU
		Release|Any CPU = Release|Any CPU
	EndGlobalSection
	GlobalSection(ProjectConfigurationPlatforms) = postSolution
		{FFDCC7F4-8999-44AB-AA5F-48CBD412CAFC}.Debug|Any CPU.ActiveCfg = Debug|Any CPU
		{FFDCC7F4-8999-44AB-AA5F-48CBD412CAFC}.Debug|Any CPU.Build.0 = Debug|Any CPU
		{FFDCC7F4-8999-44AB-AA5F-48CBD412CAFC}.Release|Any CPU.ActiveCfg = Release|Any CPU
		{FFDCC7F4-8999-44AB-AA5F-48CBD412CAFC}.Release|Any CPU.Build.0 = Release|Any CPU
	EndGlobalSection
	GlobalSection(SolutionProperties) = preSolution
		HideSolutionNode = FALSE
	EndGlobalSection
	GlobalSection(ExtensibilityGlobals) = postSolution
		SolutionGuid = {84479BF4-1641-4787-BAB8-DDA2093FB4D8}
	EndGlobalSection
	GlobalSection(SourceCodeControl) = preSolution
		SccNumberOfProjects = 2
		SccProjectUniqueName0 = ConfigEditor\\ConfigEditor.csproj
		SccLocalPath0 = .
		SccProjectFilePathRelativizedFromConnection0 = ConfigEditor\\
		SccLocalPath1 = .
	EndGlobalSection
EndGlobal
